// !$*UTF8*$!
{
	archiveVersion = 1;
	classes = {
	};
	objectVersion = 46;
	objects = {

/* Begin PBXBuildFile section */
		84E67E1714D046B300E1535A /* UIKit.framework in Frameworks */ = {isa = PBXBuildFile; fileRef = 84E67E1614D046B300E1535A /* UIKit.framework */; };
		84E67E1914D046B300E1535A /* Foundation.framework in Frameworks */ = {isa = PBXBuildFile; fileRef = 84E67E1814D046B300E1535A /* Foundation.framework */; };
		84E67E1B14D046B300E1535A /* CoreGraphics.framework in Frameworks */ = {isa = PBXBuildFile; fileRef = 84E67E1A14D046B300E1535A /* CoreGraphics.framework */; };
		84E67E2114D046B300E1535A /* InfoPlist.strings in Resources */ = {isa = PBXBuildFile; fileRef = 84E67E1F14D046B300E1535A /* InfoPlist.strings */; };
		84E67E2314D046B300E1535A /* main.m in Sources */ = {isa = PBXBuildFile; fileRef = 84E67E2214D046B300E1535A /* main.m */; };
		84E67E2714D046B300E1535A /* ImaginariumAppDelegate.m in Sources */ = {isa = PBXBuildFile; fileRef = 84E67E2614D046B300E1535A /* ImaginariumAppDelegate.m */; };
		84E67E2A14D046B300E1535A /* MainStoryboard_iPhone.storyboard in Resources */ = {isa = PBXBuildFile; fileRef = 84E67E2814D046B300E1535A /* MainStoryboard_iPhone.storyboard */; };
		84E67E2D14D046B300E1535A /* MainStoryboard_iPad.storyboard in Resources */ = {isa = PBXBuildFile; fileRef = 84E67E2B14D046B300E1535A /* MainStoryboard_iPad.storyboard */; };
		84E67E3014D046B300E1535A /* ImaginariumViewController.m in Sources */ = {isa = PBXBuildFile; fileRef = 84E67E2F14D046B300E1535A /* ImaginariumViewController.m */; };
		84E67E3914D0586100E1535A /* j0178938.jpg in Resources */ = {isa = PBXBuildFile; fileRef = 84E67E3814D0586100E1535A /* j0178938.jpg */; };
/* End PBXBuildFile section */

/* Begin PBXFileReference section */
		84E67E1214D046B300E1535A /* Imaginarium.app */ = {isa = PBXFileReference; explicitFileType = wrapper.application; includeInIndex = 0; path = Imaginarium.app; sourceTree = BUILT_PRODUCTS_DIR; };
		84E67E1614D046B300E1535A /* UIKit.framework */ = {isa = PBXFileReference; lastKnownFileType = wrapper.framework; name = UIKit.framework; path = System/Library/Frameworks/UIKit.framework; sourceTree = SDKROOT; };
		84E67E1814D046B300E1535A /* Foundation.framework */ = {isa = PBXFileReference; lastKnownFileType = wrapper.framework; name = Foundation.framework; path = System/Library/Frameworks/Foundation.framework; sourceTree = SDKROOT; };
		84E67E1A14D046B300E1535A /* CoreGraphics.framework */ = {isa = PBXFileReference; lastKnownFileType = wrapper.framework; name = CoreGraphics.framework; path = System/Library/Frameworks/CoreGraphics.framework; sourceTree = SDKROOT; };
		84E67E1E14D046B300E1535A /* Imaginarium-Info.plist */ = {isa = PBXFileReference; lastKnownFileType = text.plist.xml; path = "Imaginarium-Info.plist"; sourceTree = "<group>"; };
		84E67E2014D046B300E1535A /* en */ = {isa = PBXFileReference; lastKnownFileType = text.plist.strings; name = en; path = en.lproj/InfoPlist.strings; sourceTree = "<group>"; };
		84E67E2214D046B300E1535A /* main.m */ = {isa = PBXFileReference; lastKnownFileType = sourcecode.c.objc; path = main.m; sourceTree = "<group>"; };
		84E67E2414D046B300E1535A /* Imaginarium-Prefix.pch */ = {isa = PBXFileReference; lastKnownFileType = sourcecode.c.h; path = "Imaginarium-Prefix.pch"; sourceTree = "<group>"; };
		84E67E2514D046B300E1535A /* ImaginariumAppDelegate.h */ = {isa = PBXFileReference; lastKnownFileType = sourcecode.c.h; path = ImaginariumAppDelegate.h; sourceTree = "<group>"; };
		84E67E2614D046B300E1535A /* ImaginariumAppDelegate.m */ = {isa = PBXFileReference; lastKnownFileType = sourcecode.c.objc; path = ImaginariumAppDelegate.m; sourceTree = "<group>"; };
		84E67E2914D046B300E1535A /* en */ = {isa = PBXFileReference; lastKnownFileType = file.storyboard; name = en; path = en.lproj/MainStoryboard_iPhone.storyboard; sourceTree = "<group>"; };
		84E67E2C14D046B300E1535A /* en */ = {isa = PBXFileReference; lastKnownFileType = file.storyboard; name = en; path = en.lproj/MainStoryboard_iPad.storyboard; sourceTree = "<group>"; };
		84E67E2E14D046B300E1535A /* ImaginariumViewController.h */ = {isa = PBXFileReference; lastKnownFileType = sourcecode.c.h; path = ImaginariumViewController.h; sourceTree = "<group>"; };
		84E67E2F14D046B300E1535A /* ImaginariumViewController.m */ = {isa = PBXFileReference; lastKnownFileType = sourcecode.c.objc; path = ImaginariumViewController.m; sourceTree = "<group>"; };
		84E67E3814D0586100E1535A /* j0178938.jpg */ = {isa = PBXFileReference; lastKnownFileType = image.jpeg; path = j0178938.jpg; sourceTree = "<group>"; };
/* End PBXFileReference section */

/* Begin PBXFrameworksBuildPhase section */
		84E67E0F14D046B300E1535A /* Frameworks */ = {
			isa = PBXFrameworksBuildPhase;
			buildActionMask = 2147483647;
			files = (
				84E67E1714D046B300E1535A /* UIKit.framework in Frameworks */,
				84E67E1914D046B300E1535A /* Foundation.framework in Frameworks */,
				84E67E1B14D046B300E1535A /* CoreGraphics.framework in Frameworks */,
			);
			runOnlyForDeploymentPostprocessing = 0;
		};
/* End PBXFrameworksBuildPhase section */

/* Begin PBXGroup section */
		84E67E0714D046B300E1535A = {
			isa = PBXGroup;
			children = (
				84E67E1C14D046B300E1535A /* Imaginarium */,
				84E67E1514D046B300E1535A /* Frameworks */,
				84E67E1314D046B300E1535A /* Products */,
			);
			sourceTree = "<group>";
		};
		84E67E1314D046B300E1535A /* Products */ = {
			isa = PBXGroup;
			children = (
				84E67E1214D046B300E1535A /* Imaginarium.app */,
			);
			name = Products;
			sourceTree = "<group>";
		};
		84E67E1514D046B300E1535A /* Frameworks */ = {
			isa = PBXGroup;
			children = (
				84E67E1614D046B300E1535A /* UIKit.framework */,
				84E67E1814D046B300E1535A /* Foundation.framework */,
				84E67E1A14D046B300E1535A /* CoreGraphics.framework */,
			);
			name = Frameworks;
			sourceTree = "<group>";
		};
		84E67E1C14D046B300E1535A /* Imaginarium */ = {
			isa = PBXGroup;
			children = (
				84E67E2514D046B300E1535A /* ImaginariumAppDelegate.h */,
				84E67E2614D046B300E1535A /* ImaginariumAppDelegate.m */,
				84E67E2814D046B300E1535A /* MainStoryboard_iPhone.storyboard */,
				84E67E2B14D046B300E1535A /* MainStoryboard_iPad.storyboard */,
				84E67E2E14D046B300E1535A /* ImaginariumViewController.h */,
				84E67E2F14D046B300E1535A /* ImaginariumViewController.m */,
				84E67E3814D0586100E1535A /* j0178938.jpg */,
				84E67E1D14D046B300E1535A /* Supporting Files */,
			);
			path = Imaginarium;
			sourceTree = "<group>";
		};
		84E67E1D14D046B300E1535A /* Supporting Files */ = {
			isa = PBXGroup;
			children = (
				84E67E1E14D046B300E1535A /* Imaginarium-Info.plist */,
				84E67E1F14D046B300E1535A /* InfoPlist.strings */,
				84E67E2214D046B300E1535A /* main.m */,
				84E67E2414D046B300E1535A /* Imaginarium-Prefix.pch */,
			);
			name = "Supporting Files";
			sourceTree = "<group>";
		};
/* End PBXGroup section */

/* Begin PBXNativeTarget section */
		84E67E1114D046B300E1535A /* Imaginarium */ = {
			isa = PBXNativeTarget;
			buildConfigurationList = 84E67E3314D046B300E1535A /* Build configuration list for PBXNativeTarget "Imaginarium" */;
			buildPhases = (
				84E67E0E14D046B300E1535A /* Sources */,
				84E67E0F14D046B300E1535A /* Frameworks */,
				84E67E1014D046B300E1535A /* Resources */,
			);
			buildRules = (
			);
			dependencies = (
			);
			name = Imaginarium;
			productName = Imaginarium;
			productReference = 84E67E1214D046B300E1535A /* Imaginarium.app */;
			productType = "com.apple.product-type.application";
		};
/* End PBXNativeTarget section */

/* Begin PBXProject section */
		84E67E0914D046B300E1535A /* Project object */ = {
			isa = PBXProject;
			attributes = {
				LastUpgradeCheck = 0420;
			};
			buildConfigurationList = 84E67E0C14D046B300E1535A /* Build configuration list for PBXProject "Imaginarium" */;
			compatibilityVersion = "Xcode 3.2";
			developmentRegion = English;
			hasScannedForEncodings = 0;
			knownRegions = (
				en,
			);
			mainGroup = 84E67E0714D046B300E1535A;
			productRefGroup = 84E67E1314D046B300E1535A /* Products */;
			projectDirPath = "";
			projectRoot = "";
			targets = (
				84E67E1114D046B300E1535A /* Imaginarium */,
			);
		};
/* End PBXProject section */

/* Begin PBXResourcesBuildPhase section */
		84E67E1014D046B300E1535A /* Resources */ = {
			isa = PBXResourcesBuildPhase;
			buildActionMask = 2147483647;
			files = (
				84E67E2114D046B300E1535A /* InfoPlist.strings in Resources */,
				84E67E2A14D046B300E1535A /* MainStoryboard_iPhone.storyboard in Resources */,
				84E67E2D14D046B300E1535A /* MainStoryboard_iPad.storyboard in Resources */,
				84E67E3914D0586100E1535A /* j0178938.jpg in Resources */,
			);
			runOnlyForDeploymentPostprocessing = 0;
		};
/* End PBXResourcesBuildPhase section */

/* Begin PBXSourcesBuildPhase section */
		84E67E0E14D046B300E1535A /* Sources */ = {
			isa = PBXSourcesBuildPhase;
			buildActionMask = 2147483647;
			files = (
				84E67E2314D046B300E1535A /* main.m in Sources */,
				84E67E2714D046B300E1535A /* ImaginariumAppDelegate.m in Sources */,
				84E67E3014D046B300E1535A /* ImaginariumViewController.m in Sources */,
			);
			runOnlyForDeploymentPostprocessing = 0;
		};
/* End PBXSourcesBuildPhase section */

/* Begin PBXVariantGroup section */
		84E67E1F14D046B300E1535A /* InfoPlist.strings */ = {
			isa = PBXVariantGroup;
			children = (
				84E67E2014D046B300E1535A /* en */,
			);
			name = InfoPlist.strings;
			sourceTree = "<group>";
		};
		84E67E2814D046B300E1535A /* MainStoryboard_iPhone.storyboard */ = {
			isa = PBXVariantGroup;
			children = (
				84E67E2914D046B300E1535A /* en */,
			);
			name = MainStoryboard_iPhone.storyboard;
			sourceTree = "<group>";
		};
		84E67E2B14D046B300E1535A /* MainStoryboard_iPad.storyboard */ = {
			isa = PBXVariantGroup;
			children = (
				84E67E2C14D046B300E1535A /* en */,
			);
			name = MainStoryboard_iPad.storyboard;
			sourceTree = "<group>";
		};
/* End PBXVariantGroup section */

/* Begin XCBuildConfiguration section */
		84E67E3114D046B300E1535A /* Debug */ = {
			isa = XCBuildConfiguration;
			buildSettings = {
				ALWAYS_SEARCH_USER_PATHS = NO;
				ARCHS = "$(ARCHS_STANDARD_32_BIT)";
				CLANG_ENABLE_OBJC_ARC = YES;
				"CODE_SIGN_IDENTITY[sdk=iphoneos*]" = "iPhone Developer";
				COPY_PHASE_STRIP = NO;
				GCC_C_LANGUAGE_STANDARD = gnu99;
				GCC_DYNAMIC_NO_PIC = NO;
				GCC_OPTIMIZATION_LEVEL = 0;
				GCC_PREPROCESSOR_DEFINITIONS = (
					"DEBUG=1",
					"$(inherited)",
				);
				GCC_SYMBOLS_PRIVATE_EXTERN = NO;
				GCC_VERSION = com.apple.compilers.llvm.clang.1_0;
				GCC_WARN_ABOUT_MISSING_PROTOTYPES = YES;
				GCC_WARN_ABOUT_RETURN_TYPE = YES;
				GCC_WARN_UNUSED_VARIABLE = YES;
				IPHONEOS_DEPLOYMENT_TARGET = 5.0;
				SDKROOT = iphoneos;
				TARGETED_DEVICE_FAMILY = "1,2";
			};
			name = Debug;
		};
		84E67E3214D046B300E1535A /* Release */ = {
			isa = XCBuildConfiguration;
			buildSettings = {
				ALWAYS_SEARCH_USER_PATHS = NO;
				ARCHS = "$(ARCHS_STANDARD_32_BIT)";
				CLANG_ENABLE_OBJC_ARC = YES;
				"CODE_SIGN_IDENTITY[sdk=iphoneos*]" = "iPhone Developer";
				COPY_PHASE_STRIP = YES;
				GCC_C_LANGUAGE_STANDARD = gnu99;
				GCC_VERSION = com.apple.compilers.llvm.clang.1_0;
				GCC_WARN_ABOUT_MISSING_PROTOTYPES = YES;
				GCC_WARN_ABOUT_RETURN_TYPE = YES;
				GCC_WARN_UNUSED_VARIABLE = YES;
				IPHONEOS_DEPLOYMENT_TARGET = 5.0;
				OTHER_CFLAGS = "-DNS_BLOCK_ASSERTIONS=1";
				SDKROOT = iphoneos;
				TARGETED_DEVICE_FAMILY = "1,2";
				VALIDATE_PRODUCT = YES;
			};
			name = Release;
		};
		84E67E3414D046B300E1535A /* Debug */ = {
			isa = XCBuildConfiguration;
			buildSettings = {
				GCC_PRECOMPILE_PREFIX_HEADER = YES;
				GCC_PREFIX_HEADER = "Imaginarium/Imaginarium-Prefix.pch";
				INFOPLIST_FILE = "Imaginarium/Imaginarium-Info.plist";
				PRODUCT_NAME = "$(TARGET_NAME)";
				WRAPPER_EXTENSION = app;
			};
			name = Debug;
		};
		84E67E3514D046B300E1535A /* Release */ = {
			isa = XCBuildConfiguration;
			buildSettings = {
				GCC_PRECOMPILE_PREFIX_HEADER = YES;
				GCC_PREFIX_HEADER = "Imaginarium/Imaginarium-Prefix.pch";
				INFOPLIST_FILE = "Imaginarium/Imaginarium-Info.plist";
				PRODUCT_NAME = "$(TARGET_NAME)";
				WRAPPER_EXTENSION = app;
			};
			name = Release;
		};
/* End XCBuildConfiguration section */

/* Begin XCConfigurationList section */
		84E67E0C14D046B300E1535A /* Build configuration list for PBXProject "Imaginarium" */ = {
			isa = XCConfigurationList;
			buildConfigurations = (
				84E67E3114D046B300E1535A /* Debug */,
				84E67E3214D046B300E1535A /* Release */,
			);
			defaultConfigurationIsVisible = 0;
			defaultConfigurationName = Release;
		};
		84E67E3314D046B300E1535A /* Build configuration list for PBXNativeTarget "Imaginarium" */ = {
			isa = XCConfigurationList;
			buildConfigurations = (
				84E67E3414D046B300E1535A /* Debug */,
				84E67E3514D046B300E1535A /* Release */,
			);
			defaultConfigurationIsVisible = 0;
		};
/* End XCConfigurationList section */
	};
	rootObject = 84E67E0914D046B300E1535A /* Project object */;
}
