// !$*UTF8*$!
{
	archiveVersion = 1;
	classes = {
	};
	objectVersion = 46;
	objects = {

/* Begin PBXBuildFile section */
		84CF6C5914B8B25B00E4DC24 /* CalculatorBrain.m in Sources */ = {isa = PBXBuildFile; fileRef = 84CF6C5814B8B25B00E4DC24 /* CalculatorBrain.m */; };
		84E20C0B14B89DCB00CD6714 /* UIKit.framework in Frameworks */ = {isa = PBXBuildFile; fileRef = 84E20C0A14B89DCB00CD6714 /* UIKit.framework */; };
		84E20C0D14B89DCB00CD6714 /* Foundation.framework in Frameworks */ = {isa = PBXBuildFile; fileRef = 84E20C0C14B89DCB00CD6714 /* Foundation.framework */; };
		84E20C0F14B89DCB00CD6714 /* CoreGraphics.framework in Frameworks */ = {isa = PBXBuildFile; fileRef = 84E20C0E14B89DCB00CD6714 /* CoreGraphics.framework */; };
		84E20C1514B89DCB00CD6714 /* InfoPlist.strings in Resources */ = {isa = PBXBuildFile; fileRef = 84E20C1314B89DCB00CD6714 /* InfoPlist.strings */; };
		84E20C1714B89DCC00CD6714 /* main.m in Sources */ = {isa = PBXBuildFile; fileRef = 84E20C1614B89DCC00CD6714 /* main.m */; };
		84E20C1B14B89DCC00CD6714 /* CalculatorAppDelegate.m in Sources */ = {isa = PBXBuildFile; fileRef = 84E20C1A14B89DCC00CD6714 /* CalculatorAppDelegate.m */; };
		84E20C1E14B89DCC00CD6714 /* MainStoryboard.storyboard in Resources */ = {isa = PBXBuildFile; fileRef = 84E20C1C14B89DCC00CD6714 /* MainStoryboard.storyboard */; };
		84E20C2114B89DCC00CD6714 /* CalculatorViewController.m in Sources */ = {isa = PBXBuildFile; fileRef = 84E20C2014B89DCC00CD6714 /* CalculatorViewController.m */; };
/* End PBXBuildFile section */

/* Begin PBXFileReference section */
		84CF6C5714B8B25B00E4DC24 /* CalculatorBrain.h */ = {isa = PBXFileReference; fileEncoding = 4; lastKnownFileType = sourcecode.c.h; path = CalculatorBrain.h; sourceTree = "<group>"; };
		84CF6C5814B8B25B00E4DC24 /* CalculatorBrain.m */ = {isa = PBXFileReference; fileEncoding = 4; lastKnownFileType = sourcecode.c.objc; path = CalculatorBrain.m; sourceTree = "<group>"; };
		84E20C0614B89DCB00CD6714 /* Calculator.app */ = {isa = PBXFileReference; explicitFileType = wrapper.application; includeInIndex = 0; path = Calculator.app; sourceTree = BUILT_PRODUCTS_DIR; };
		84E20C0A14B89DCB00CD6714 /* UIKit.framework */ = {isa = PBXFileReference; lastKnownFileType = wrapper.framework; name = UIKit.framework; path = System/Library/Frameworks/UIKit.framework; sourceTree = SDKROOT; };
		84E20C0C14B89DCB00CD6714 /* Foundation.framework */ = {isa = PBXFileReference; lastKnownFileType = wrapper.framework; name = Foundation.framework; path = System/Library/Frameworks/Foundation.framework; sourceTree = SDKROOT; };
		84E20C0E14B89DCB00CD6714 /* CoreGraphics.framework */ = {isa = PBXFileReference; lastKnownFileType = wrapper.framework; name = CoreGraphics.framework; path = System/Library/Frameworks/CoreGraphics.framework; sourceTree = SDKROOT; };
		84E20C1214B89DCB00CD6714 /* Calculator-Info.plist */ = {isa = PBXFileReference; lastKnownFileType = text.plist.xml; path = "Calculator-Info.plist"; sourceTree = "<group>"; };
		84E20C1414B89DCB00CD6714 /* en */ = {isa = PBXFileReference; lastKnownFileType = text.plist.strings; name = en; path = en.lproj/InfoPlist.strings; sourceTree = "<group>"; };
		84E20C1614B89DCC00CD6714 /* main.m */ = {isa = PBXFileReference; lastKnownFileType = sourcecode.c.objc; path = main.m; sourceTree = "<group>"; };
		84E20C1814B89DCC00CD6714 /* Calculator-Prefix.pch */ = {isa = PBXFileReference; lastKnownFileType = sourcecode.c.h; path = "Calculator-Prefix.pch"; sourceTree = "<group>"; };
		84E20C1914B89DCC00CD6714 /* CalculatorAppDelegate.h */ = {isa = PBXFileReference; lastKnownFileType = sourcecode.c.h; path = CalculatorAppDelegate.h; sourceTree = "<group>"; };
		84E20C1A14B89DCC00CD6714 /* CalculatorAppDelegate.m */ = {isa = PBXFileReference; lastKnownFileType = sourcecode.c.objc; path = CalculatorAppDelegate.m; sourceTree = "<group>"; };
		84E20C1D14B89DCC00CD6714 /* en */ = {isa = PBXFileReference; lastKnownFileType = file.storyboard; name = en; path = en.lproj/MainStoryboard.storyboard; sourceTree = "<group>"; };
		84E20C1F14B89DCC00CD6714 /* CalculatorViewController.h */ = {isa = PBXFileReference; lastKnownFileType = sourcecode.c.h; path = CalculatorViewController.h; sourceTree = "<group>"; };
		84E20C2014B89DCC00CD6714 /* CalculatorViewController.m */ = {isa = PBXFileReference; lastKnownFileType = sourcecode.c.objc; path = CalculatorViewController.m; sourceTree = "<group>"; };
/* End PBXFileReference section */

/* Begin PBXFrameworksBuildPhase section */
		84E20C0314B89DCB00CD6714 /* Frameworks */ = {
			isa = PBXFrameworksBuildPhase;
			buildActionMask = 2147483647;
			files = (
				84E20C0B14B89DCB00CD6714 /* UIKit.framework in Frameworks */,
				84E20C0D14B89DCB00CD6714 /* Foundation.framework in Frameworks */,
				84E20C0F14B89DCB00CD6714 /* CoreGraphics.framework in Frameworks */,
			);
			runOnlyForDeploymentPostprocessing = 0;
		};
/* End PBXFrameworksBuildPhase section */

/* Begin PBXGroup section */
		84E20BFB14B89DCB00CD6714 = {
			isa = PBXGroup;
			children = (
				84E20C1014B89DCB00CD6714 /* Calculator */,
				84E20C0914B89DCB00CD6714 /* Frameworks */,
				84E20C0714B89DCB00CD6714 /* Products */,
			);
			sourceTree = "<group>";
		};
		84E20C0714B89DCB00CD6714 /* Products */ = {
			isa = PBXGroup;
			children = (
				84E20C0614B89DCB00CD6714 /* Calculator.app */,
			);
			name = Products;
			sourceTree = "<group>";
		};
		84E20C0914B89DCB00CD6714 /* Frameworks */ = {
			isa = PBXGroup;
			children = (
				84E20C0A14B89DCB00CD6714 /* UIKit.framework */,
				84E20C0C14B89DCB00CD6714 /* Foundation.framework */,
				84E20C0E14B89DCB00CD6714 /* CoreGraphics.framework */,
			);
			name = Frameworks;
			sourceTree = "<group>";
		};
		84E20C1014B89DCB00CD6714 /* Calculator */ = {
			isa = PBXGroup;
			children = (
				84E20C1914B89DCC00CD6714 /* CalculatorAppDelegate.h */,
				84E20C1A14B89DCC00CD6714 /* CalculatorAppDelegate.m */,
				84E20C1C14B89DCC00CD6714 /* MainStoryboard.storyboard */,
				84CF6C5714B8B25B00E4DC24 /* CalculatorBrain.h */,
				84CF6C5814B8B25B00E4DC24 /* CalculatorBrain.m */,
				84E20C1F14B89DCC00CD6714 /* CalculatorViewController.h */,
				84E20C2014B89DCC00CD6714 /* CalculatorViewController.m */,
				84E20C1114B89DCB00CD6714 /* Supporting Files */,
			);
			path = Calculator;
			sourceTree = "<group>";
		};
		84E20C1114B89DCB00CD6714 /* Supporting Files */ = {
			isa = PBXGroup;
			children = (
				84E20C1214B89DCB00CD6714 /* Calculator-Info.plist */,
				84E20C1314B89DCB00CD6714 /* InfoPlist.strings */,
				84E20C1614B89DCC00CD6714 /* main.m */,
				84E20C1814B89DCC00CD6714 /* Calculator-Prefix.pch */,
			);
			name = "Supporting Files";
			sourceTree = "<group>";
		};
/* End PBXGroup section */

/* Begin PBXNativeTarget section */
		84E20C0514B89DCB00CD6714 /* Calculator */ = {
			isa = PBXNativeTarget;
			buildConfigurationList = 84E20C2414B89DCC00CD6714 /* Build configuration list for PBXNativeTarget "Calculator" */;
			buildPhases = (
				84E20C0214B89DCB00CD6714 /* Sources */,
				84E20C0314B89DCB00CD6714 /* Frameworks */,
				84E20C0414B89DCB00CD6714 /* Resources */,
			);
			buildRules = (
			);
			dependencies = (
			);
			name = Calculator;
			productName = Calculator;
			productReference = 84E20C0614B89DCB00CD6714 /* Calculator.app */;
			productType = "com.apple.product-type.application";
		};
/* End PBXNativeTarget section */

/* Begin PBXProject section */
		84E20BFD14B89DCB00CD6714 /* Project object */ = {
			isa = PBXProject;
			attributes = {
				LastUpgradeCheck = 0420;
			};
			buildConfigurationList = 84E20C0014B89DCB00CD6714 /* Build configuration list for PBXProject "Calculator" */;
			compatibilityVersion = "Xcode 3.2";
			developmentRegion = English;
			hasScannedForEncodings = 0;
			knownRegions = (
				en,
			);
			mainGroup = 84E20BFB14B89DCB00CD6714;
			productRefGroup = 84E20C0714B89DCB00CD6714 /* Products */;
			projectDirPath = "";
			projectRoot = "";
			targets = (
				84E20C0514B89DCB00CD6714 /* Calculator */,
			);
		};
/* End PBXProject section */

/* Begin PBXResourcesBuildPhase section */
		84E20C0414B89DCB00CD6714 /* Resources */ = {
			isa = PBXResourcesBuildPhase;
			buildActionMask = 2147483647;
			files = (
				84E20C1514B89DCB00CD6714 /* InfoPlist.strings in Resources */,
				84E20C1E14B89DCC00CD6714 /* MainStoryboard.storyboard in Resources */,
			);
			runOnlyForDeploymentPostprocessing = 0;
		};
/* End PBXResourcesBuildPhase section */

/* Begin PBXSourcesBuildPhase section */
		84E20C0214B89DCB00CD6714 /* Sources */ = {
			isa = PBXSourcesBuildPhase;
			buildActionMask = 2147483647;
			files = (
				84E20C1714B89DCC00CD6714 /* main.m in Sources */,
				84E20C1B14B89DCC00CD6714 /* CalculatorAppDelegate.m in Sources */,
				84E20C2114B89DCC00CD6714 /* CalculatorViewController.m in Sources */,
				84CF6C5914B8B25B00E4DC24 /* CalculatorBrain.m in Sources */,
			);
			runOnlyForDeploymentPostprocessing = 0;
		};
/* End PBXSourcesBuildPhase section */

/* Begin PBXVariantGroup section */
		84E20C1314B89DCB00CD6714 /* InfoPlist.strings */ = {
			isa = PBXVariantGroup;
			children = (
				84E20C1414B89DCB00CD6714 /* en */,
			);
			name = InfoPlist.strings;
			sourceTree = "<group>";
		};
		84E20C1C14B89DCC00CD6714 /* MainStoryboard.storyboard */ = {
			isa = PBXVariantGroup;
			children = (
				84E20C1D14B89DCC00CD6714 /* en */,
			);
			name = MainStoryboard.storyboard;
			sourceTree = "<group>";
		};
/* End PBXVariantGroup section */

/* Begin XCBuildConfiguration section */
		84E20C2214B89DCC00CD6714 /* Debug */ = {
			isa = XCBuildConfiguration;
			buildSettings = {
				ALWAYS_SEARCH_USER_PATHS = NO;
				ARCHS = "$(ARCHS_STANDARD_32_BIT)";
				CLANG_ENABLE_OBJC_ARC = YES;
				CODE_SIGN_IDENTITY = "iPhone Developer";
				"CODE_SIGN_IDENTITY[sdk=iphoneos*]" = "iPhone Developer";
				COPY_PHASE_STRIP = NO;
				GCC_C_LANGUAGE_STANDARD = gnu99;
				GCC_DYNAMIC_NO_PIC = NO;
				GCC_OPTIMIZATION_LEVEL = 0;
				GCC_PREPROCESSOR_DEFINITIONS = (
					"DEBUG=1",
					"$(inherited)",
				);
				GCC_SYMBOLS_PRIVATE_EXTERN = NO;
				GCC_VERSION = com.apple.compilers.llvm.clang.1_0;
				GCC_WARN_ABOUT_MISSING_PROTOTYPES = YES;
				GCC_WARN_ABOUT_RETURN_TYPE = YES;
				GCC_WARN_UNUSED_VARIABLE = YES;
				IPHONEOS_DEPLOYMENT_TARGET = 5.0;
				PROVISIONING_PROFILE = "";
				SDKROOT = iphoneos;
			};
			name = Debug;
		};
		84E20C2314B89DCC00CD6714 /* Release */ = {
			isa = XCBuildConfiguration;
			buildSettings = {
				ALWAYS_SEARCH_USER_PATHS = NO;
				ARCHS = "$(ARCHS_STANDARD_32_BIT)";
				CLANG_ENABLE_OBJC_ARC = YES;
				CODE_SIGN_IDENTITY = "iPhone Developer";
				"CODE_SIGN_IDENTITY[sdk=iphoneos*]" = "iPhone Developer";
				COPY_PHASE_STRIP = YES;
				GCC_C_LANGUAGE_STANDARD = gnu99;
				GCC_VERSION = com.apple.compilers.llvm.clang.1_0;
				GCC_WARN_ABOUT_MISSING_PROTOTYPES = YES;
				GCC_WARN_ABOUT_RETURN_TYPE = YES;
				GCC_WARN_UNUSED_VARIABLE = YES;
				IPHONEOS_DEPLOYMENT_TARGET = 5.0;
				OTHER_CFLAGS = "-DNS_BLOCK_ASSERTIONS=1";
				PROVISIONING_PROFILE = "";
				SDKROOT = iphoneos;
				VALIDATE_PRODUCT = YES;
			};
			name = Release;
		};
		84E20C2514B89DCC00CD6714 /* Debug */ = {
			isa = XCBuildConfiguration;
			buildSettings = {
				GCC_PRECOMPILE_PREFIX_HEADER = YES;
				GCC_PREFIX_HEADER = "Calculator/Calculator-Prefix.pch";
				INFOPLIST_FILE = "Calculator/Calculator-Info.plist";
				PRODUCT_NAME = "$(TARGET_NAME)";
				WRAPPER_EXTENSION = app;
			};
			name = Debug;
		};
		84E20C2614B89DCC00CD6714 /* Release */ = {
			isa = XCBuildConfiguration;
			buildSettings = {
				GCC_PRECOMPILE_PREFIX_HEADER = YES;
				GCC_PREFIX_HEADER = "Calculator/Calculator-Prefix.pch";
				INFOPLIST_FILE = "Calculator/Calculator-Info.plist";
				PRODUCT_NAME = "$(TARGET_NAME)";
				WRAPPER_EXTENSION = app;
			};
			name = Release;
		};
/* End XCBuildConfiguration section */

/* Begin XCConfigurationList section */
		84E20C0014B89DCB00CD6714 /* Build configuration list for PBXProject "Calculator" */ = {
			isa = XCConfigurationList;
			buildConfigurations = (
				84E20C2214B89DCC00CD6714 /* Debug */,
				84E20C2314B89DCC00CD6714 /* Release */,
			);
			defaultConfigurationIsVisible = 0;
			defaultConfigurationName = Release;
		};
		84E20C2414B89DCC00CD6714 /* Build configuration list for PBXNativeTarget "Calculator" */ = {
			isa = XCConfigurationList;
			buildConfigurations = (
				84E20C2514B89DCC00CD6714 /* Debug */,
				84E20C2614B89DCC00CD6714 /* Release */,
			);
			defaultConfigurationIsVisible = 0;
			defaultConfigurationName = Release;
		};
/* End XCConfigurationList section */
	};
	rootObject = 84E20BFD14B89DCB00CD6714 /* Project object */;
}
